PODS:
  - Cosmos (10.0.0)
  - SwipeCellKit (1.9.0)

DEPENDENCIES:
  - Cosmos (~> 10.0)
  - SwipeCellKit

SPEC CHECKSUMS:
  Cosmos: bb9310e73ad1ad472b183b848b959302c569cf09
  SwipeCellKit: 893661973276ae3512a84ac0a47055923b10731e

PODFILE CHECKSUM: 74957d7ca6c7f81c0ef7f3aa1893ce0003936e68

COCOAPODS: 1.3.1
